Microsoft Visual Studio Solution File, Format Version 12.00
# Visual Studio 2013
VisualStudioVersion = 12.0.31101.0
MinimumVisualStudioVersion = 10.0.40219.1
Project("{F184B08F-C81C-45F6-A57F-5ABD9991F28F}") = "DTL", "DWSIM\DTL.vbproj", "{34BE2D2D-9B3C-4C12-8C90-732E21CD7CB1}"
EndProject
Project("{F184B08F-C81C-45F6-A57F-5ABD9991F28F}") = "DTLTest", "DTLTest\DTLTest.vbproj", "{B444F627-6E4F-467E-B736-F9D117849788}"
EndProject
Project("{F184B08F-C81C-45F6-A57F-5ABD9991F28F}") = "DTLTest2", "DTLTest2\DTLTest2.vbproj", "{265E9849-BBB7-4BDF-98C3-7BA78B39077B}"
EndProject
Global
	GlobalSection(SolutionConfigurationPlatforms) = preSolution
		Debug|Any CPU = Debug|Any CPU
		Debug|x86 = Debug|x86
		Release|Any CPU = Release|Any CPU
		Release|x86 = Release|x86
	EndGlobalSection
	GlobalSection(ProjectConfigurationPlatforms) = postSolution
		{34BE2D2D-9B3C-4C12-8C90-732E21CD7CB1}.Debug|Any CPU.ActiveCfg = Debug|Any CPU
		{34BE2D2D-9B3C-4C12-8C90-732E21CD7CB1}.Debug|Any CPU.Build.0 = Debug|Any CPU
		{34BE2D2D-9B3C-4C12-8C90-732E21CD7CB1}.Debug|x86.ActiveCfg = Debug|x86
		{34BE2D2D-9B3C-4C12-8C90-732E21CD7CB1}.Debug|x86.Build.0 = Debug|x86
		{34BE2D2D-9B3C-4C12-8C90-732E21CD7CB1}.Release|Any CPU.ActiveCfg = Release|Any CPU
		{34BE2D2D-9B3C-4C12-8C90-732E21CD7CB1}.Release|Any CPU.Build.0 = Release|Any CPU
		{34BE2D2D-9B3C-4C12-8C90-732E21CD7CB1}.Release|x86.ActiveCfg = Release|x86
		{34BE2D2D-9B3C-4C12-8C90-732E21CD7CB1}.Release|x86.Build.0 = Release|x86
		{B444F627-6E4F-467E-B736-F9D117849788}.Debug|Any CPU.ActiveCfg = Debug|Any CPU
		{B444F627-6E4F-467E-B736-F9D117849788}.Debug|Any CPU.Build.0 = Debug|Any CPU
		{B444F627-6E4F-467E-B736-F9D117849788}.Debug|x86.ActiveCfg = Debug|x86
		{B444F627-6E4F-467E-B736-F9D117849788}.Debug|x86.Build.0 = Debug|x86
		{B444F627-6E4F-467E-B736-F9D117849788}.Release|Any CPU.ActiveCfg = Release|Any CPU
		{B444F627-6E4F-467E-B736-F9D117849788}.Release|Any CPU.Build.0 = Release|Any CPU
		{B444F627-6E4F-467E-B736-F9D117849788}.Release|x86.ActiveCfg = Release|x86
		{B444F627-6E4F-467E-B736-F9D117849788}.Release|x86.Build.0 = Release|x86
		{265E9849-BBB7-4BDF-98C3-7BA78B39077B}.Debug|Any CPU.ActiveCfg = Debug|x86
		{265E9849-BBB7-4BDF-98C3-7BA78B39077B}.Debug|x86.ActiveCfg = Debug|x86
		{265E9849-BBB7-4BDF-98C3-7BA78B39077B}.Debug|x86.Build.0 = Debug|x86
		{265E9849-BBB7-4BDF-98C3-7BA78B39077B}.Release|Any CPU.ActiveCfg = Release|Any CPU
		{265E9849-BBB7-4BDF-98C3-7BA78B39077B}.Release|Any CPU.Build.0 = Release|Any CPU
		{265E9849-BBB7-4BDF-98C3-7BA78B39077B}.Release|x86.ActiveCfg = Release|x86
		{265E9849-BBB7-4BDF-98C3-7BA78B39077B}.Release|x86.Build.0 = Release|x86
	EndGlobalSection
	GlobalSection(SolutionProperties) = preSolution
		HideSolutionNode = FALSE
	EndGlobalSection
EndGlobal
